{
  "originHash" : "79cb85601ee1561d890ce0d50e96e2409576e589be3c7ad5844c421176974414",
  "pins" : [
    {
      "identity" : "wwnetworking",
      "kind" : "remoteSourceControl",
      "location" : "https://github.com/William-Weng/WWNetworking.git",
      "state" : {
        "revision" : "9e41bb9f5ed6b19030389b77c0a73520844a20f5",
        "version" : "1.7.5"
      }
    },
    {
      "identity" : "wwsimpleai_deepseek",
      "kind" : "remoteSourceControl",
      "location" : "https://github.com/William-Weng/WWSimpleAI_DeepSeek",
      "state" : {
        "revision" : "df148db575aeacf4259ab9547af6ee9731ea097d",
        "version" : "0.2.0"
      }
    },
    {
      "identity" : "wwsimpleai_ollama",
      "kind" : "remoteSourceControl",
      "location" : "https://github.com/William-Weng/WWSimpleAI_Ollama",
      "state" : {
        "revision" : "7fc1483d2d40112949a68060679a0eaeaeb289aa",
        "version" : "1.0.0"
      }
    }
  ],
  "version" : 3
}
