{
  "originHash" : "ac5a6619cb115bf124bd14b742841177d74d1ec9016429d8df3083fc940d7c38",
  "pins" : [
    {
      "identity" : "wwnetworking",
      "kind" : "remoteSourceControl",
      "location" : "https://github.com/William-Weng/WWNetworking.git",
      "state" : {
        "revision" : "9e41bb9f5ed6b19030389b77c0a73520844a20f5",
        "version" : "1.7.5"
      }
    },
    {
      "identity" : "wwsimpleai_ollama",
      "kind" : "remoteSourceControl",
      "location" : "https://github.com/William-Weng/WWSimpleAI_Ollama",
      "state" : {
        "revision" : "7fc1483d2d40112949a68060679a0eaeaeb289aa",
        "version" : "1.0.0"
      }
    }
  ],
  "version" : 3
}
